// !$*UTF8*$!
{
	archiveVersion = 1;
	classes = {
	};
	objectVersion = 56;
	objects = {

/* Begin PBXBuildFile section */
		3835BB1529A47D0E00B32B2F /* AppDelegate.swift in Sources */ = {isa = PBXBuildFile; fileRef = 3835BB1429A47D0E00B32B2F /* AppDelegate.swift */; };
		3835BB1729A47D0E00B32B2F /* SceneDelegate.swift in Sources */ = {isa = PBXBuildFile; fileRef = 3835BB1629A47D0E00B32B2F /* SceneDelegate.swift */; };
		3835BB1929A47D0E00B32B2F /* ViewController.swift in Sources */ = {isa = PBXBuildFile; fileRef = 3835BB1829A47D0E00B32B2F /* ViewController.swift */; };
		3835BB1C29A47D0E00B32B2F /* Main.storyboard in Resources */ = {isa = PBXBuildFile; fileRef = 3835BB1A29A47D0E00B32B2F /* Main.storyboard */; };
		3835BB1E29A47D1000B32B2F /* Assets.xcassets in Resources */ = {isa = PBXBuildFile; fileRef = 3835BB1D29A47D1000B32B2F /* Assets.xcassets */; };
		3835BB2129A47D1000B32B2F /* LaunchScreen.storyboard in Resources */ = {isa = PBXBuildFile; fileRef = 3835BB1F29A47D1000B32B2F /* LaunchScreen.storyboard */; };
		3835BB2C29A47D1000B32B2F /* BigTheGuyTests.swift in Sources */ = {isa = PBXBuildFile; fileRef = 3835BB2B29A47D1000B32B2F /* BigTheGuyTests.swift */; };
		3835BB3629A47D1000B32B2F /* BigTheGuyUITests.swift in Sources */ = {isa = PBXBuildFile; fileRef = 3835BB3529A47D1000B32B2F /* BigTheGuyUITests.swift */; };
		3835BB3829A47D1000B32B2F /* BigTheGuyUITestsLaunchTests.swift in Sources */ = {isa = PBXBuildFile; fileRef = 3835BB3729A47D1000B32B2F /* BigTheGuyUITestsLaunchTests.swift */; };
/* End PBXBuildFile section */

/* Begin PBXContainerItemProxy section */
		3835BB2829A47D1000B32B2F /* PBXContainerItemProxy */ = {
			isa = PBXContainerItemProxy;
			containerPortal = 3835BB0929A47D0E00B32B2F /* Project object */;
			proxyType = 1;
			remoteGlobalIDString = 3835BB1029A47D0E00B32B2F;
			remoteInfo = BigTheGuy;
		};
		3835BB3229A47D1000B32B2F /* PBXContainerItemProxy */ = {
			isa = PBXContainerItemProxy;
			containerPortal = 3835BB0929A47D0E00B32B2F /* Project object */;
			proxyType = 1;
			remoteGlobalIDString = 3835BB1029A47D0E00B32B2F;
			remoteInfo = BigTheGuy;
		};
/* End PBXContainerItemProxy section */

/* Begin PBXFileReference section */
		3835BB1129A47D0E00B32B2F /* BigTheGuy.app */ = {isa = PBXFileReference; explicitFileType = wrapper.application; includeInIndex = 0; path = BigTheGuy.app; sourceTree = BUILT_PRODUCTS_DIR; };
		3835BB1429A47D0E00B32B2F /* AppDelegate.swift */ = {isa = PBXFileReference; lastKnownFileType = sourcecode.swift; path = AppDelegate.swift; sourceTree = "<group>"; };
		3835BB1629A47D0E00B32B2F /* SceneDelegate.swift */ = {isa = PBXFileReference; lastKnownFileType = sourcecode.swift; path = SceneDelegate.swift; sourceTree = "<group>"; };
		3835BB1829A47D0E00B32B2F /* ViewController.swift */ = {isa = PBXFileReference; lastKnownFileType = sourcecode.swift; path = ViewController.swift; sourceTree = "<group>"; };
		3835BB1B29A47D0E00B32B2F /* Base */ = {isa = PBXFileReference; lastKnownFileType = file.storyboard; name = Base; path = Base.lproj/Main.storyboard; sourceTree = "<group>"; };
		3835BB1D29A47D1000B32B2F /* Assets.xcassets */ = {isa = PBXFileReference; lastKnownFileType = folder.assetcatalog; path = Assets.xcassets; sourceTree = "<group>"; };
		3835BB2029A47D1000B32B2F /* Base */ = {isa = PBXFileReference; lastKnownFileType = file.storyboard; name = Base; path = Base.lproj/LaunchScreen.storyboard; sourceTree = "<group>"; };
		3835BB2229A47D1000B32B2F /* Info.plist */ = {isa = PBXFileReference; lastKnownFileType = text.plist.xml; path = Info.plist; sourceTree = "<group>"; };
		3835BB2729A47D1000B32B2F /* BigTheGuyTests.xctest */ = {isa = PBXFileReference; explicitFileType = wrapper.cfbundle; includeInIndex = 0; path = BigTheGuyTests.xctest; sourceTree = BUILT_PRODUCTS_DIR; };
		3835BB2B29A47D1000B32B2F /* BigTheGuyTests.swift */ = {isa = PBXFileReference; lastKnownFileType = sourcecode.swift; path = BigTheGuyTests.swift; sourceTree = "<group>"; };
		3835BB3129A47D1000B32B2F /* BigTheGuyUITests.xctest */ = {isa = PBXFileReference; explicitFileType = wrapper.cfbundle; includeInIndex = 0; path = BigTheGuyUITests.xctest; sourceTree = BUILT_PRODUCTS_DIR; };
		3835BB3529A47D1000B32B2F /* BigTheGuyUITests.swift */ = {isa = PBXFileReference; lastKnownFileType = sourcecode.swift; path = BigTheGuyUITests.swift; sourceTree = "<group>"; };
		3835BB3729A47D1000B32B2F /* BigTheGuyUITestsLaunchTests.swift */ = {isa = PBXFileReference; lastKnownFileType = sourcecode.swift; path = BigTheGuyUITestsLaunchTests.swift; sourceTree = "<group>"; };
/* End PBXFileReference section */

/* Begin PBXFrameworksBuildPhase section */
		3835BB0E29A47D0E00B32B2F /* Frameworks */ = {
			isa = PBXFrameworksBuildPhase;
			buildActionMask = 2147483647;
			files = (
			);
			runOnlyForDeploymentPostprocessing = 0;
		};
		3835BB2429A47D1000B32B2F /* Frameworks */ = {
			isa = PBXFrameworksBuildPhase;
			buildActionMask = 2147483647;
			files = (
			);
			runOnlyForDeploymentPostprocessing = 0;
		};
		3835BB2E29A47D1000B32B2F /* Frameworks */ = {
			isa = PBXFrameworksBuildPhase;
			buildActionMask = 2147483647;
			files = (
			);
			runOnlyForDeploymentPostprocessing = 0;
		};
/* End PBXFrameworksBuildPhase section */

/* Begin PBXGroup section */
		3835BB0829A47D0E00B32B2F = {
			isa = PBXGroup;
			children = (
				3835BB1329A47D0E00B32B2F /* BigTheGuy */,
				3835BB2A29A47D1000B32B2F /* BigTheGuyTests */,
				3835BB3429A47D1000B32B2F /* BigTheGuyUITests */,
				3835BB1229A47D0E00B32B2F /* Products */,
			);
			sourceTree = "<group>";
		};
		3835BB1229A47D0E00B32B2F /* Products */ = {
			isa = PBXGroup;
			children = (
				3835BB1129A47D0E00B32B2F /* BigTheGuy.app */,
				3835BB2729A47D1000B32B2F /* BigTheGuyTests.xctest */,
				3835BB3129A47D1000B32B2F /* BigTheGuyUITests.xctest */,
			);
			name = Products;
			sourceTree = "<group>";
		};
		3835BB1329A47D0E00B32B2F /* BigTheGuy */ = {
			isa = PBXGroup;
			children = (
				3835BB1429A47D0E00B32B2F /* AppDelegate.swift */,
				3835BB1629A47D0E00B32B2F /* SceneDelegate.swift */,
				3835BB1829A47D0E00B32B2F /* ViewController.swift */,
				3835BB1A29A47D0E00B32B2F /* Main.storyboard */,
				3835BB1D29A47D1000B32B2F /* Assets.xcassets */,
				3835BB1F29A47D1000B32B2F /* LaunchScreen.storyboard */,
				3835BB2229A47D1000B32B2F /* Info.plist */,
			);
			path = BigTheGuy;
			sourceTree = "<group>";
		};
		3835BB2A29A47D1000B32B2F /* BigTheGuyTests */ = {
			isa = PBXGroup;
			children = (
				3835BB2B29A47D1000B32B2F /* BigTheGuyTests.swift */,
			);
			path = BigTheGuyTests;
			sourceTree = "<group>";
		};
		3835BB3429A47D1000B32B2F /* BigTheGuyUITests */ = {
			isa = PBXGroup;
			children = (
				3835BB3529A47D1000B32B2F /* BigTheGuyUITests.swift */,
				3835BB3729A47D1000B32B2F /* BigTheGuyUITestsLaunchTests.swift */,
			);
			path = BigTheGuyUITests;
			sourceTree = "<group>";
		};
/* End PBXGroup section */

/* Begin PBXNativeTarget section */
		3835BB1029A47D0E00B32B2F /* BigTheGuy */ = {
			isa = PBXNativeTarget;
			buildConfigurationList = 3835BB3B29A47D1000B32B2F /* Build configuration list for PBXNativeTarget "BigTheGuy" */;
			buildPhases = (
				3835BB0D29A47D0E00B32B2F /* Sources */,
				3835BB0E29A47D0E00B32B2F /* Frameworks */,
				3835BB0F29A47D0E00B32B2F /* Resources */,
			);
			buildRules = (
			);
			dependencies = (
			);
			name = BigTheGuy;
			productName = BigTheGuy;
			productReference = 3835BB1129A47D0E00B32B2F /* BigTheGuy.app */;
			productType = "com.apple.product-type.application";
		};
		3835BB2629A47D1000B32B2F /* BigTheGuyTests */ = {
			isa = PBXNativeTarget;
			buildConfigurationList = 3835BB3E29A47D1000B32B2F /* Build configuration list for PBXNativeTarget "BigTheGuyTests" */;
			buildPhases = (
				3835BB2329A47D1000B32B2F /* Sources */,
				3835BB2429A47D1000B32B2F /* Frameworks */,
				3835BB2529A47D1000B32B2F /* Resources */,
			);
			buildRules = (
			);
			dependencies = (
				3835BB2929A47D1000B32B2F /* PBXTargetDependency */,
			);
			name = BigTheGuyTests;
			productName = BigTheGuyTests;
			productReference = 3835BB2729A47D1000B32B2F /* BigTheGuyTests.xctest */;
			productType = "com.apple.product-type.bundle.unit-test";
		};
		3835BB3029A47D1000B32B2F /* BigTheGuyUITests */ = {
			isa = PBXNativeTarget;
			buildConfigurationList = 3835BB4129A47D1000B32B2F /* Build configuration list for PBXNativeTarget "BigTheGuyUITests" */;
			buildPhases = (
				3835BB2D29A47D1000B32B2F /* Sources */,
				3835BB2E29A47D1000B32B2F /* Frameworks */,
				3835BB2F29A47D1000B32B2F /* Resources */,
			);
			buildRules = (
			);
			dependencies = (
				3835BB3329A47D1000B32B2F /* PBXTargetDependency */,
			);
			name = BigTheGuyUITests;
			productName = BigTheGuyUITests;
			productReference = 3835BB3129A47D1000B32B2F /* BigTheGuyUITests.xctest */;
			productType = "com.apple.product-type.bundle.ui-testing";
		};
/* End PBXNativeTarget section */

/* Begin PBXProject section */
		3835BB0929A47D0E00B32B2F /* Project object */ = {
			isa = PBXProject;
			attributes = {
				BuildIndependentTargetsInParallel = 1;
				LastSwiftUpdateCheck = 1420;
				LastUpgradeCheck = 1420;
				TargetAttributes = {
					3835BB1029A47D0E00B32B2F = {
						CreatedOnToolsVersion = 14.2;
					};
					3835BB2629A47D1000B32B2F = {
						CreatedOnToolsVersion = 14.2;
						TestTargetID = 3835BB1029A47D0E00B32B2F;
					};
					3835BB3029A47D1000B32B2F = {
						CreatedOnToolsVersion = 14.2;
						TestTargetID = 3835BB1029A47D0E00B32B2F;
					};
				};
			};
			buildConfigurationList = 3835BB0C29A47D0E00B32B2F /* Build configuration list for PBXProject "BigTheGuy" */;
			compatibilityVersion = "Xcode 14.0";
			developmentRegion = en;
			hasScannedForEncodings = 0;
			knownRegions = (
				en,
				Base,
			);
			mainGroup = 3835BB0829A47D0E00B32B2F;
			productRefGroup = 3835BB1229A47D0E00B32B2F /* Products */;
			projectDirPath = "";
			projectRoot = "";
			targets = (
				3835BB1029A47D0E00B32B2F /* BigTheGuy */,
				3835BB2629A47D1000B32B2F /* BigTheGuyTests */,
				3835BB3029A47D1000B32B2F /* BigTheGuyUITests */,
			);
		};
/* End PBXProject section */

/* Begin PBXResourcesBuildPhase section */
		3835BB0F29A47D0E00B32B2F /* Resources */ = {
			isa = PBXResourcesBuildPhase;
			buildActionMask = 2147483647;
			files = (
				3835BB2129A47D1000B32B2F /* LaunchScreen.storyboard in Resources */,
				3835BB1E29A47D1000B32B2F /* Assets.xcassets in Resources */,
				3835BB1C29A47D0E00B32B2F /* Main.storyboard in Resources */,
			);
			runOnlyForDeploymentPostprocessing = 0;
		};
		3835BB2529A47D1000B32B2F /* Resources */ = {
			isa = PBXResourcesBuildPhase;
			buildActionMask = 2147483647;
			files = (
			);
			runOnlyForDeploymentPostprocessing = 0;
		};
		3835BB2F29A47D1000B32B2F /* Resources */ = {
			isa = PBXResourcesBuildPhase;
			buildActionMask = 2147483647;
			files = (
			);
			runOnlyForDeploymentPostprocessing = 0;
		};
/* End PBXResourcesBuildPhase section */

/* Begin PBXSourcesBuildPhase section */
		3835BB0D29A47D0E00B32B2F /* Sources */ = {
			isa = PBXSourcesBuildPhase;
			buildActionMask = 2147483647;
			files = (
				3835BB1929A47D0E00B32B2F /* ViewController.swift in Sources */,
				3835BB1529A47D0E00B32B2F /* AppDelegate.swift in Sources */,
				3835BB1729A47D0E00B32B2F /* SceneDelegate.swift in Sources */,
			);
			runOnlyForDeploymentPostprocessing = 0;
		};
		3835BB2329A47D1000B32B2F /* Sources */ = {
			isa = PBXSourcesBuildPhase;
			buildActionMask = 2147483647;
			files = (
				3835BB2C29A47D1000B32B2F /* BigTheGuyTests.swift in Sources */,
			);
			runOnlyForDeploymentPostprocessing = 0;
		};
		3835BB2D29A47D1000B32B2F /* Sources */ = {
			isa = PBXSourcesBuildPhase;
			buildActionMask = 2147483647;
			files = (
				3835BB3629A47D1000B32B2F /* BigTheGuyUITests.swift in Sources */,
				3835BB3829A47D1000B32B2F /* BigTheGuyUITestsLaunchTests.swift in Sources */,
			);
			runOnlyForDeploymentPostprocessing = 0;
		};
/* End PBXSourcesBuildPhase section */

/* Begin PBXTargetDependency section */
		3835BB2929A47D1000B32B2F /* PBXTargetDependency */ = {
			isa = PBXTargetDependency;
			target = 3835BB1029A47D0E00B32B2F /* BigTheGuy */;
			targetProxy = 3835BB2829A47D1000B32B2F /* PBXContainerItemProxy */;
		};
		3835BB3329A47D1000B32B2F /* PBXTargetDependency */ = {
			isa = PBXTargetDependency;
			target = 3835BB1029A47D0E00B32B2F /* BigTheGuy */;
			targetProxy = 3835BB3229A47D1000B32B2F /* PBXContainerItemProxy */;
		};
/* End PBXTargetDependency section */

/* Begin PBXVariantGroup section */
		3835BB1A29A47D0E00B32B2F /* Main.storyboard */ = {
			isa = PBXVariantGroup;
			children = (
				3835BB1B29A47D0E00B32B2F /* Base */,
			);
			name = Main.storyboard;
			sourceTree = "<group>";
		};
		3835BB1F29A47D1000B32B2F /* LaunchScreen.storyboard */ = {
			isa = PBXVariantGroup;
			children = (
				3835BB2029A47D1000B32B2F /* Base */,
			);
			name = LaunchScreen.storyboard;
			sourceTree = "<group>";
		};
/* End PBXVariantGroup section */

/* Begin XCBuildConfiguration section */
		3835BB3929A47D1000B32B2F /* Debug */ = {
			isa = XCBuildConfiguration;
			buildSettings = {
				ALWAYS_SEARCH_USER_PATHS = NO;
				CLANG_ANALYZER_NONNULL = YES;
				CLANG_ANALYZER_NUMBER_OBJECT_CONVERSION = YES_AGGRESSIVE;
				CLANG_CXX_LANGUAGE_STANDARD = "gnu++20";
				CLANG_ENABLE_MODULES = YES;
				CLANG_ENABLE_OBJC_ARC = YES;
				CLANG_ENABLE_OBJC_WEAK = YES;
				CLANG_WARN_BLOCK_CAPTURE_AUTORELEASING = YES;
				CLANG_WARN_BOOL_CONVERSION = YES;
				CLANG_WARN_COMMA = YES;
				CLANG_WARN_CONSTANT_CONVERSION = YES;
				CLANG_WARN_DEPRECATED_OBJC_IMPLEMENTATIONS = YES;
				CLANG_WARN_DIRECT_OBJC_ISA_USAGE = YES_ERROR;
				CLANG_WARN_DOCUMENTATION_COMMENTS = YES;
				CLANG_WARN_EMPTY_BODY = YES;
				CLANG_WARN_ENUM_CONVERSION = YES;
				CLANG_WARN_INFINITE_RECURSION = YES;
				CLANG_WARN_INT_CONVERSION = YES;
				CLANG_WARN_NON_LITERAL_NULL_CONVERSION = YES;
				CLANG_WARN_OBJC_IMPLICIT_RETAIN_SELF = YES;
				CLANG_WARN_OBJC_LITERAL_CONVERSION = YES;
				CLANG_WARN_OBJC_ROOT_CLASS = YES_ERROR;
				CLANG_WARN_QUOTED_INCLUDE_IN_FRAMEWORK_HEADER = YES;
				CLANG_WARN_RANGE_LOOP_ANALYSIS = YES;
				CLANG_WARN_STRICT_PROTOTYPES = YES;
				CLANG_WARN_SUSPICIOUS_MOVE = YES;
				CLANG_WARN_UNGUARDED_AVAILABILITY = YES_AGGRESSIVE;
				CLANG_WARN_UNREACHABLE_CODE = YES;
				CLANG_WARN__DUPLICATE_METHOD_MATCH = YES;
				COPY_PHASE_STRIP = NO;
				DEBUG_INFORMATION_FORMAT = dwarf;
				ENABLE_STRICT_OBJC_MSGSEND = YES;
				ENABLE_TESTABILITY = YES;
				GCC_C_LANGUAGE_STANDARD = gnu11;
				GCC_DYNAMIC_NO_PIC = NO;
				GCC_NO_COMMON_BLOCKS = YES;
				GCC_OPTIMIZATION_LEVEL = 0;
				GCC_PREPROCESSOR_DEFINITIONS = (
					"DEBUG=1",
					"$(inherited)",
				);
				GCC_WARN_64_TO_32_BIT_CONVERSION = YES;
				GCC_WARN_ABOUT_RETURN_TYPE = YES_ERROR;
				GCC_WARN_UNDECLARED_SELECTOR = YES;
				GCC_WARN_UNINITIALIZED_AUTOS = YES_AGGRESSIVE;
				GCC_WARN_UNUSED_FUNCTION = YES;
				GCC_WARN_UNUSED_VARIABLE = YES;
				IPHONEOS_DEPLOYMENT_TARGET = 16.2;
				MTL_ENABLE_DEBUG_INFO = INCLUDE_SOURCE;
				MTL_FAST_MATH = YES;
				ONLY_ACTIVE_ARCH = YES;
				SDKROOT = iphoneos;
				SWIFT_ACTIVE_COMPILATION_CONDITIONS = DEBUG;
				SWIFT_OPTIMIZATION_LEVEL = "-Onone";
			};
			name = Debug;
		};
		3835BB3A29A47D1000B32B2F /* Release */ = {
			isa = XCBuildConfiguration;
			buildSettings = {
				ALWAYS_SEARCH_USER_PATHS = NO;
				CLANG_ANALYZER_NONNULL = YES;
				CLANG_ANALYZER_NUMBER_OBJECT_CONVERSION = YES_AGGRESSIVE;
				CLANG_CXX_LANGUAGE_STANDARD = "gnu++20";
				CLANG_ENABLE_MODULES = YES;
				CLANG_ENABLE_OBJC_ARC = YES;
				CLANG_ENABLE_OBJC_WEAK = YES;
				CLANG_WARN_BLOCK_CAPTURE_AUTORELEASING = YES;
				CLANG_WARN_BOOL_CONVERSION = YES;
				CLANG_WARN_COMMA = YES;
				CLANG_WARN_CONSTANT_CONVERSION = YES;
				CLANG_WARN_DEPRECATED_OBJC_IMPLEMENTATIONS = YES;
				CLANG_WARN_DIRECT_OBJC_ISA_USAGE = YES_ERROR;
				CLANG_WARN_DOCUMENTATION_COMMENTS = YES;
				CLANG_WARN_EMPTY_BODY = YES;
				CLANG_WARN_ENUM_CONVERSION = YES;
				CLANG_WARN_INFINITE_RECURSION = YES;
				CLANG_WARN_INT_CONVERSION = YES;
				CLANG_WARN_NON_LITERAL_NULL_CONVERSION = YES;
				CLANG_WARN_OBJC_IMPLICIT_RETAIN_SELF = YES;
				CLANG_WARN_OBJC_LITERAL_CONVERSION = YES;
				CLANG_WARN_OBJC_ROOT_CLASS = YES_ERROR;
				CLANG_WARN_QUOTED_INCLUDE_IN_FRAMEWORK_HEADER = YES;
				CLANG_WARN_RANGE_LOOP_ANALYSIS = YES;
				CLANG_WARN_STRICT_PROTOTYPES = YES;
				CLANG_WARN_SUSPICIOUS_MOVE = YES;
				CLANG_WARN_UNGUARDED_AVAILABILITY = YES_AGGRESSIVE;
				CLANG_WARN_UNREACHABLE_CODE = YES;
				CLANG_WARN__DUPLICATE_METHOD_MATCH = YES;
				COPY_PHASE_STRIP = NO;
				DEBUG_INFORMATION_FORMAT = "dwarf-with-dsym";
				ENABLE_NS_ASSERTIONS = NO;
				ENABLE_STRICT_OBJC_MSGSEND = YES;
				GCC_C_LANGUAGE_STANDARD = gnu11;
				GCC_NO_COMMON_BLOCKS = YES;
				GCC_WARN_64_TO_32_BIT_CONVERSION = YES;
				GCC_WARN_ABOUT_RETURN_TYPE = YES_ERROR;
				GCC_WARN_UNDECLARED_SELECTOR = YES;
				GCC_WARN_UNINITIALIZED_AUTOS = YES_AGGRESSIVE;
				GCC_WARN_UNUSED_FUNCTION = YES;
				GCC_WARN_UNUSED_VARIABLE = YES;
				IPHONEOS_DEPLOYMENT_TARGET = 16.2;
				MTL_ENABLE_DEBUG_INFO = NO;
				MTL_FAST_MATH = YES;
				SDKROOT = iphoneos;
				SWIFT_COMPILATION_MODE = wholemodule;
				SWIFT_OPTIMIZATION_LEVEL = "-O";
				VALIDATE_PRODUCT = YES;
			};
			name = Release;
		};
		3835BB3C29A47D1000B32B2F /* Debug */ = {
			isa = XCBuildConfiguration;
			buildSettings = {
				ASSETCATALOG_COMPILER_APPICON_NAME = AppIcon;
				ASSETCATALOG_COMPILER_GLOBAL_ACCENT_COLOR_NAME = AccentColor;
				CODE_SIGN_STYLE = Automatic;
				CURRENT_PROJECT_VERSION = 1;
				DEVELOPMENT_TEAM = 2P2KRVASBR;
				GENERATE_INFOPLIST_FILE = YES;
				INFOPLIST_FILE = BigTheGuy/Info.plist;
				INFOPLIST_KEY_UIApplicationSupportsIndirectInputEvents = YES;
				INFOPLIST_KEY_UILaunchStoryboardName = LaunchScreen;
				INFOPLIST_KEY_UIMainStoryboardFile = Main;
				INFOPLIST_KEY_UISupportedInterfaceOrientations_iPad = "UIInterfaceOrientationPortrait UIInterfaceOrientationPortraitUpsideDown UIInterfaceOrientationLandscapeLeft UIInterfaceOrientationLandscapeRight";
				INFOPLIST_KEY_UISupportedInterfaceOrientations_iPhone = "UIInterfaceOrientationPortrait UIInterfaceOrientationLandscapeLeft UIInterfaceOrientationLandscapeRight";
				LD_RUNPATH_SEARCH_PATHS = (
					"$(inherited)",
					"@executable_path/Frameworks",
				);
				MARKETING_VERSION = 1.0;
				PRODUCT_BUNDLE_IDENTIFIER = jim.BigTheGuy;
				PRODUCT_NAME = "$(TARGET_NAME)";
				SWIFT_EMIT_LOC_STRINGS = YES;
				SWIFT_VERSION = 5.0;
				TARGETED_DEVICE_FAMILY = "1,2";
			};
			name = Debug;
		};
		3835BB3D29A47D1000B32B2F /* Release */ = {
			isa = XCBuildConfiguration;
			buildSettings = {
				ASSETCATALOG_COMPILER_APPICON_NAME = AppIcon;
				ASSETCATALOG_COMPILER_GLOBAL_ACCENT_COLOR_NAME = AccentColor;
				CODE_SIGN_STYLE = Automatic;
				CURRENT_PROJECT_VERSION = 1;
				DEVELOPMENT_TEAM = 2P2KRVASBR;
				GENERATE_INFOPLIST_FILE = YES;
				INFOPLIST_FILE = BigTheGuy/Info.plist;
				INFOPLIST_KEY_UIApplicationSupportsIndirectInputEvents = YES;
				INFOPLIST_KEY_UILaunchStoryboardName = LaunchScreen;
				INFOPLIST_KEY_UIMainStoryboardFile = Main;
				INFOPLIST_KEY_UISupportedInterfaceOrientations_iPad = "UIInterfaceOrientationPortrait UIInterfaceOrientationPortraitUpsideDown UIInterfaceOrientationLandscapeLeft UIInterfaceOrientationLandscapeRight";
				INFOPLIST_KEY_UISupportedInterfaceOrientations_iPhone = "UIInterfaceOrientationPortrait UIInterfaceOrientationLandscapeLeft UIInterfaceOrientationLandscapeRight";
				LD_RUNPATH_SEARCH_PATHS = (
					"$(inherited)",
					"@executable_path/Frameworks",
				);
				MARKETING_VERSION = 1.0;
				PRODUCT_BUNDLE_IDENTIFIER = jim.BigTheGuy;
				PRODUCT_NAME = "$(TARGET_NAME)";
				SWIFT_EMIT_LOC_STRINGS = YES;
				SWIFT_VERSION = 5.0;
				TARGETED_DEVICE_FAMILY = "1,2";
			};
			name = Release;
		};
		3835BB3F29A47D1000B32B2F /* Debug */ = {
			isa = XCBuildConfiguration;
			buildSettings = {
				ALWAYS_EMBED_SWIFT_STANDARD_LIBRARIES = YES;
				BUNDLE_LOADER = "$(TEST_HOST)";
				CODE_SIGN_STYLE = Automatic;
				CURRENT_PROJECT_VERSION = 1;
				DEVELOPMENT_TEAM = 2P2KRVASBR;
				GENERATE_INFOPLIST_FILE = YES;
				IPHONEOS_DEPLOYMENT_TARGET = 16.2;
				MARKETING_VERSION = 1.0;
				PRODUCT_BUNDLE_IDENTIFIER = jim.BigTheGuyTests;
				PRODUCT_NAME = "$(TARGET_NAME)";
				SWIFT_EMIT_LOC_STRINGS = NO;
				SWIFT_VERSION = 5.0;
				TARGETED_DEVICE_FAMILY = "1,2";
				TEST_HOST = "$(BUILT_PRODUCTS_DIR)/BigTheGuy.app/$(BUNDLE_EXECUTABLE_FOLDER_PATH)/BigTheGuy";
			};
			name = Debug;
		};
		3835BB4029A47D1000B32B2F /* Release */ = {
			isa = XCBuildConfiguration;
			buildSettings = {
				ALWAYS_EMBED_SWIFT_STANDARD_LIBRARIES = YES;
				BUNDLE_LOADER = "$(TEST_HOST)";
				CODE_SIGN_STYLE = Automatic;
				CURRENT_PROJECT_VERSION = 1;
				DEVELOPMENT_TEAM = 2P2KRVASBR;
				GENERATE_INFOPLIST_FILE = YES;
				IPHONEOS_DEPLOYMENT_TARGET = 16.2;
				MARKETING_VERSION = 1.0;
				PRODUCT_BUNDLE_IDENTIFIER = jim.BigTheGuyTests;
				PRODUCT_NAME = "$(TARGET_NAME)";
				SWIFT_EMIT_LOC_STRINGS = NO;
				SWIFT_VERSION = 5.0;
				TARGETED_DEVICE_FAMILY = "1,2";
				TEST_HOST = "$(BUILT_PRODUCTS_DIR)/BigTheGuy.app/$(BUNDLE_EXECUTABLE_FOLDER_PATH)/BigTheGuy";
			};
			name = Release;
		};
		3835BB4229A47D1000B32B2F /* Debug */ = {
			isa = XCBuildConfiguration;
			buildSettings = {
				ALWAYS_EMBED_SWIFT_STANDARD_LIBRARIES = YES;
				CODE_SIGN_STYLE = Automatic;
				CURRENT_PROJECT_VERSION = 1;
				DEVELOPMENT_TEAM = 2P2KRVASBR;
				GENERATE_INFOPLIST_FILE = YES;
				MARKETING_VERSION = 1.0;
				PRODUCT_BUNDLE_IDENTIFIER = jim.BigTheGuyUITests;
				PRODUCT_NAME = "$(TARGET_NAME)";
				SWIFT_EMIT_LOC_STRINGS = NO;
				SWIFT_VERSION = 5.0;
				TARGETED_DEVICE_FAMILY = "1,2";
				TEST_TARGET_NAME = BigTheGuy;
			};
			name = Debug;
		};
		3835BB4329A47D1000B32B2F /* Release */ = {
			isa = XCBuildConfiguration;
			buildSettings = {
				ALWAYS_EMBED_SWIFT_STANDARD_LIBRARIES = YES;
				CODE_SIGN_STYLE = Automatic;
				CURRENT_PROJECT_VERSION = 1;
				DEVELOPMENT_TEAM = 2P2KRVASBR;
				GENERATE_INFOPLIST_FILE = YES;
				MARKETING_VERSION = 1.0;
				PRODUCT_BUNDLE_IDENTIFIER = jim.BigTheGuyUITests;
				PRODUCT_NAME = "$(TARGET_NAME)";
				SWIFT_EMIT_LOC_STRINGS = NO;
				SWIFT_VERSION = 5.0;
				TARGETED_DEVICE_FAMILY = "1,2";
				TEST_TARGET_NAME = BigTheGuy;
			};
			name = Release;
		};
/* End XCBuildConfiguration section */

/* Begin XCConfigurationList section */
		3835BB0C29A47D0E00B32B2F /* Build configuration list for PBXProject "BigTheGuy" */ = {
			isa = XCConfigurationList;
			buildConfigurations = (
				3835BB3929A47D1000B32B2F /* Debug */,
				3835BB3A29A47D1000B32B2F /* Release */,
			);
			defaultConfigurationIsVisible = 0;
			defaultConfigurationName = Release;
		};
		3835BB3B29A47D1000B32B2F /* Build configuration list for PBXNativeTarget "BigTheGuy" */ = {
			isa = XCConfigurationList;
			buildConfigurations = (
				3835BB3C29A47D1000B32B2F /* Debug */,
				3835BB3D29A47D1000B32B2F /* Release */,
			);
			defaultConfigurationIsVisible = 0;
			defaultConfigurationName = Release;
		};
		3835BB3E29A47D1000B32B2F /* Build configuration list for PBXNativeTarget "BigTheGuyTests" */ = {
			isa = XCConfigurationList;
			buildConfigurations = (
				3835BB3F29A47D1000B32B2F /* Debug */,
				3835BB4029A47D1000B32B2F /* Release */,
			);
			defaultConfigurationIsVisible = 0;
			defaultConfigurationName = Release;
		};
		3835BB4129A47D1000B32B2F /* Build configuration list for PBXNativeTarget "BigTheGuyUITests" */ = {
			isa = XCConfigurationList;
			buildConfigurations = (
				3835BB4229A47D1000B32B2F /* Debug */,
				3835BB4329A47D1000B32B2F /* Release */,
			);
			defaultConfigurationIsVisible = 0;
			defaultConfigurationName = Release;
		};
/* End XCConfigurationList section */
	};
	rootObject = 3835BB0929A47D0E00B32B2F /* Project object */;
}
